
Microsoft Visual Studio Solution File, Format Version 12.00
# Visual Studio 2012
Project("{2150E333-8FDC-42A3-9474-1A3956D46DE8}") = "Lib", "Lib", "{DAB63CF2-E576-43B9-8D1E-EED8348F9DB2}"
	ProjectSection(SolutionItems) = preProject
		Microsoft.VisualStudio.TestTools.UITest.Extension.CrossBrowser.dll = Microsoft.VisualStudio.TestTools.UITest.Extension.CrossBrowser.dll
		Microsoft.VisualStudio.TestTools.UITest.Extension.Silverlight.dll = Microsoft.VisualStudio.TestTools.UITest.Extension.Silverlight.dll
	EndProjectSection
EndProject
Project("{FAE04EC0-301F-11D3-BF4B-00C04F79EFBC}") = "ExampleTest", "Test\ExampleTest\ExampleTest.csproj", "{6A769D92-1B39-4BA4-AD2C-36949703C46F}"
EndProject
Project("{2150E333-8FDC-42A3-9474-1A3956D46DE8}") = "ExamplePages", "ExamplePages", "{1343E0D1-6DC0-4E72-9905-DA7690B74ADA}"
	ProjectSection(SolutionItems) = preProject
		Lists.html = Lists.html
	EndProjectSection
EndProject
Project("{FAE04EC0-301F-11D3-BF4B-00C04F79EFBC}") = "Highway.Insurance.UI", "Highway.Insurance.UI\Highway.Insurance.UI.csproj", "{FD412E76-A011-46FA-BF88-38A5EAB112B4}"
EndProject
Project("{FAE04EC0-301F-11D3-BF4B-00C04F79EFBC}") = "Highway.Insurance.UI.Web", "Highway.Insurance.UI.Web\Highway.Insurance.UI.Web.csproj", "{4C7A235B-98F3-4308-AB15-54120EF5E9DA}"
EndProject
Project("{FAE04EC0-301F-11D3-BF4B-00C04F79EFBC}") = "Highway.Insurance.UI.Windows", "Highway.Insurance.UI.Windows\Highway.Insurance.UI.Windows.csproj", "{97C51ACC-0C89-44FB-AA3B-A1FBAAD9B9CA}"
EndProject
Project("{FAE04EC0-301F-11D3-BF4B-00C04F79EFBC}") = "Example.UI.Web", "Example.UI.Web\Example.UI.Web.csproj", "{8D375FEE-A322-4FAB-BBD4-FE369F861F03}"
EndProject
Global
	GlobalSection(SolutionConfigurationPlatforms) = preSolution
		Debug|Any CPU = Debug|Any CPU
		Release|Any CPU = Release|Any CPU
	EndGlobalSection
	GlobalSection(ProjectConfigurationPlatforms) = postSolution
		{6A769D92-1B39-4BA4-AD2C-36949703C46F}.Debug|Any CPU.ActiveCfg = Debug|Any CPU
		{6A769D92-1B39-4BA4-AD2C-36949703C46F}.Debug|Any CPU.Build.0 = Debug|Any CPU
		{6A769D92-1B39-4BA4-AD2C-36949703C46F}.Release|Any CPU.ActiveCfg = Release|Any CPU
		{6A769D92-1B39-4BA4-AD2C-36949703C46F}.Release|Any CPU.Build.0 = Release|Any CPU
		{FD412E76-A011-46FA-BF88-38A5EAB112B4}.Debug|Any CPU.ActiveCfg = Debug|Any CPU
		{FD412E76-A011-46FA-BF88-38A5EAB112B4}.Debug|Any CPU.Build.0 = Debug|Any CPU
		{FD412E76-A011-46FA-BF88-38A5EAB112B4}.Release|Any CPU.ActiveCfg = Release|Any CPU
		{FD412E76-A011-46FA-BF88-38A5EAB112B4}.Release|Any CPU.Build.0 = Release|Any CPU
		{4C7A235B-98F3-4308-AB15-54120EF5E9DA}.Debug|Any CPU.ActiveCfg = Debug|Any CPU
		{4C7A235B-98F3-4308-AB15-54120EF5E9DA}.Debug|Any CPU.Build.0 = Debug|Any CPU
		{4C7A235B-98F3-4308-AB15-54120EF5E9DA}.Release|Any CPU.ActiveCfg = Release|Any CPU
		{4C7A235B-98F3-4308-AB15-54120EF5E9DA}.Release|Any CPU.Build.0 = Release|Any CPU
		{97C51ACC-0C89-44FB-AA3B-A1FBAAD9B9CA}.Debug|Any CPU.ActiveCfg = Debug|Any CPU
		{97C51ACC-0C89-44FB-AA3B-A1FBAAD9B9CA}.Debug|Any CPU.Build.0 = Debug|Any CPU
		{97C51ACC-0C89-44FB-AA3B-A1FBAAD9B9CA}.Release|Any CPU.ActiveCfg = Release|Any CPU
		{97C51ACC-0C89-44FB-AA3B-A1FBAAD9B9CA}.Release|Any CPU.Build.0 = Release|Any CPU
		{8D375FEE-A322-4FAB-BBD4-FE369F861F03}.Debug|Any CPU.ActiveCfg = Debug|Any CPU
		{8D375FEE-A322-4FAB-BBD4-FE369F861F03}.Debug|Any CPU.Build.0 = Debug|Any CPU
		{8D375FEE-A322-4FAB-BBD4-FE369F861F03}.Release|Any CPU.ActiveCfg = Release|Any CPU
		{8D375FEE-A322-4FAB-BBD4-FE369F861F03}.Release|Any CPU.Build.0 = Release|Any CPU
	EndGlobalSection
	GlobalSection(SolutionProperties) = preSolution
		HideSolutionNode = FALSE
	EndGlobalSection
EndGlobal
